
Microsoft Visual Studio Solution File, Format Version 12.00
# Visual Studio Version 17
VisualStudioVersion = 17.0.31903.59
MinimumVisualStudioVersion = 10.0.40219.1
Project("{2150E333-8FDC-42A3-9474-1A3956D46DE8}") = "src", "src", "{0C565F61-1960-453F-A2FE-F64CDBEB7CFB}"
EndProject
Project("{FAE04EC0-301F-11D3-BF4B-00C04F79EFBC}") = "ToDoAPI", "src\ToDoApi\ToDoAPI.csproj", "{8A320C21-559D-4C15-94CD-AEBD736C8026}"
EndProject
Project("{2150E333-8FDC-42A3-9474-1A3956D46DE8}") = "test", "test", "{984A44C0-7A17-48BC-B6D5-441C6E568299}"
EndProject
Project("{FAE04EC0-301F-11D3-BF4B-00C04F79EFBC}") = "ToDoAPI.Tests", "test\ToDoAPI.Tests\ToDoAPI.Tests.csproj", "{3C80808A-0ADF-4987-86CC-1F0707F76D79}"
EndProject
Global
	GlobalSection(SolutionConfigurationPlatforms) = preSolution
		Debug|Any CPU = Debug|Any CPU
		Release|Any CPU = Release|Any CPU
	EndGlobalSection
	GlobalSection(SolutionProperties) = preSolution
		HideSolutionNode = FALSE
	EndGlobalSection
	GlobalSection(ProjectConfigurationPlatforms) = postSolution
		{8A320C21-559D-4C15-94CD-AEBD736C8026}.Debug|Any CPU.ActiveCfg = Debug|Any CPU
		{8A320C21-559D-4C15-94CD-AEBD736C8026}.Debug|Any CPU.Build.0 = Debug|Any CPU
		{8A320C21-559D-4C15-94CD-AEBD736C8026}.Release|Any CPU.ActiveCfg = Release|Any CPU
		{8A320C21-559D-4C15-94CD-AEBD736C8026}.Release|Any CPU.Build.0 = Release|Any CPU
		{3C80808A-0ADF-4987-86CC-1F0707F76D79}.Debug|Any CPU.ActiveCfg = Debug|Any CPU
		{3C80808A-0ADF-4987-86CC-1F0707F76D79}.Debug|Any CPU.Build.0 = Debug|Any CPU
		{3C80808A-0ADF-4987-86CC-1F0707F76D79}.Release|Any CPU.ActiveCfg = Release|Any CPU
		{3C80808A-0ADF-4987-86CC-1F0707F76D79}.Release|Any CPU.Build.0 = Release|Any CPU
	EndGlobalSection
	GlobalSection(NestedProjects) = preSolution
		{8A320C21-559D-4C15-94CD-AEBD736C8026} = {0C565F61-1960-453F-A2FE-F64CDBEB7CFB}
		{3C80808A-0ADF-4987-86CC-1F0707F76D79} = {984A44C0-7A17-48BC-B6D5-441C6E568299}
	EndGlobalSection
EndGlobal
